
Microsoft Visual Studio Solution File, Format Version 12.00
# Visual Studio Version 17
VisualStudioVersion = 17.4.33213.308
MinimumVisualStudioVersion = 10.0.40219.1
Project("{FAE04EC0-301F-11D3-BF4B-00C04F79EFBC}") = "Exemplo_construtor", "Exemplo_construtor\Exemplo_construtor.csproj", "{C84C79DD-F103-4220-9A86-9E8C614DD25E}"
EndProject
Global
	GlobalSection(SolutionConfigurationPlatforms) = preSolution
		Debug|Any CPU = Debug|Any CPU
		Release|Any CPU = Release|Any CPU
	EndGlobalSection
	GlobalSection(ProjectConfigurationPlatforms) = postSolution
		{C84C79DD-F103-4220-9A86-9E8C614DD25E}.Debug|Any CPU.ActiveCfg = Debug|Any CPU
		{C84C79DD-F103-4220-9A86-9E8C614DD25E}.Debug|Any CPU.Build.0 = Debug|Any CPU
		{C84C79DD-F103-4220-9A86-9E8C614DD25E}.Release|Any CPU.ActiveCfg = Release|Any CPU
		{C84C79DD-F103-4220-9A86-9E8C614DD25E}.Release|Any CPU.Build.0 = Release|Any CPU
	EndGlobalSection
	GlobalSection(SolutionProperties) = preSolution
		HideSolutionNode = FALSE
	EndGlobalSection
	GlobalSection(ExtensibilityGlobals) = postSolution
		SolutionGuid = {2FC43650-F376-41F2-BE3C-E482D6BD6652}
	EndGlobalSection
EndGlobal
