
Microsoft Visual Studio Solution File, Format Version 12.00
# Visual Studio Version 17
VisualStudioVersion = 17.4.33213.308
MinimumVisualStudioVersion = 10.0.40219.1
Project("{FAE04EC0-301F-11D3-BF4B-00C04F79EFBC}") = "Lampada", "Lampada\Lampada.csproj", "{836C7167-6F6F-42AB-81AC-EEB1FB59E6AB}"
EndProject
Global
	GlobalSection(SolutionConfigurationPlatforms) = preSolution
		Debug|Any CPU = Debug|Any CPU
		Release|Any CPU = Release|Any CPU
	EndGlobalSection
	GlobalSection(ProjectConfigurationPlatforms) = postSolution
		{836C7167-6F6F-42AB-81AC-EEB1FB59E6AB}.Debug|Any CPU.ActiveCfg = Debug|Any CPU
		{836C7167-6F6F-42AB-81AC-EEB1FB59E6AB}.Debug|Any CPU.Build.0 = Debug|Any CPU
		{836C7167-6F6F-42AB-81AC-EEB1FB59E6AB}.Release|Any CPU.ActiveCfg = Release|Any CPU
		{836C7167-6F6F-42AB-81AC-EEB1FB59E6AB}.Release|Any CPU.Build.0 = Release|Any CPU
	EndGlobalSection
	GlobalSection(SolutionProperties) = preSolution
		HideSolutionNode = FALSE
	EndGlobalSection
	GlobalSection(ExtensibilityGlobals) = postSolution
		SolutionGuid = {B69640B3-CFD7-4CA8-A7C0-C9E12C9D071A}
	EndGlobalSection
EndGlobal
